// !$*UTF8*$!
{
	archiveVersion = 1;
	classes = {
	};
	objectVersion = 46;
	objects = {

/* Begin PBXBuildFile section */
		4EC9D2DF1F3FC8CC00A15D61 /* AppDelegate.swift in Sources */ = {isa = PBXBuildFile; fileRef = 4EC9D2DE1F3FC8CC00A15D61 /* AppDelegate.swift */; };
		4EC9D2E11F3FC8CC00A15D61 /* ViewController.swift in Sources */ = {isa = PBXBuildFile; fileRef = 4EC9D2E01F3FC8CC00A15D61 /* ViewController.swift */; };
		4EC9D2E41F3FC8CC00A15D61 /* Main.storyboard in Resources */ = {isa = PBXBuildFile; fileRef = 4EC9D2E21F3FC8CC00A15D61 /* Main.storyboard */; };
		4EC9D2E71F3FC8CC00A15D61 /* teste.xcdatamodeld in Sources */ = {isa = PBXBuildFile; fileRef = 4EC9D2E51F3FC8CC00A15D61 /* teste.xcdatamodeld */; };
		4EC9D2E91F3FC8CC00A15D61 /* Assets.xcassets in Resources */ = {isa = PBXBuildFile; fileRef = 4EC9D2E81F3FC8CC00A15D61 /* Assets.xcassets */; };
		4EC9D2EC1F3FC8CD00A15D61 /* LaunchScreen.storyboard in Resources */ = {isa = PBXBuildFile; fileRef = 4EC9D2EA1F3FC8CD00A15D61 /* LaunchScreen.storyboard */; };
		4EC9D2F71F3FC8CD00A15D61 /* testeTests.swift in Sources */ = {isa = PBXBuildFile; fileRef = 4EC9D2F61F3FC8CD00A15D61 /* testeTests.swift */; };
		4EC9D3021F3FC8CD00A15D61 /* testeUITests.swift in Sources */ = {isa = PBXBuildFile; fileRef = 4EC9D3011F3FC8CD00A15D61 /* testeUITests.swift */; };
/* End PBXBuildFile section */

/* Begin PBXContainerItemProxy section */
		4EC9D2F31F3FC8CD00A15D61 /* PBXContainerItemProxy */ = {
			isa = PBXContainerItemProxy;
			containerPortal = 4EC9D2D31F3FC8CC00A15D61 /* Project object */;
			proxyType = 1;
			remoteGlobalIDString = 4EC9D2DA1F3FC8CC00A15D61;
			remoteInfo = teste;
		};
		4EC9D2FE1F3FC8CD00A15D61 /* PBXContainerItemProxy */ = {
			isa = PBXContainerItemProxy;
			containerPortal = 4EC9D2D31F3FC8CC00A15D61 /* Project object */;
			proxyType = 1;
			remoteGlobalIDString = 4EC9D2DA1F3FC8CC00A15D61;
			remoteInfo = teste;
		};
/* End PBXContainerItemProxy section */

/* Begin PBXFileReference section */
		4EC9D2DB1F3FC8CC00A15D61 /* teste.app */ = {isa = PBXFileReference; explicitFileType = wrapper.application; includeInIndex = 0; path = teste.app; sourceTree = BUILT_PRODUCTS_DIR; };
		4EC9D2DE1F3FC8CC00A15D61 /* AppDelegate.swift */ = {isa = PBXFileReference; lastKnownFileType = sourcecode.swift; path = AppDelegate.swift; sourceTree = "<group>"; };
		4EC9D2E01F3FC8CC00A15D61 /* ViewController.swift */ = {isa = PBXFileReference; lastKnownFileType = sourcecode.swift; path = ViewController.swift; sourceTree = "<group>"; };
		4EC9D2E31F3FC8CC00A15D61 /* Base */ = {isa = PBXFileReference; lastKnownFileType = file.storyboard; name = Base; path = Base.lproj/Main.storyboard; sourceTree = "<group>"; };
		4EC9D2E61F3FC8CC00A15D61 /* teste.xcdatamodel */ = {isa = PBXFileReference; lastKnownFileType = wrapper.xcdatamodel; path = teste.xcdatamodel; sourceTree = "<group>"; };
		4EC9D2E81F3FC8CC00A15D61 /* Assets.xcassets */ = {isa = PBXFileReference; lastKnownFileType = folder.assetcatalog; path = Assets.xcassets; sourceTree = "<group>"; };
		4EC9D2EB1F3FC8CD00A15D61 /* Base */ = {isa = PBXFileReference; lastKnownFileType = file.storyboard; name = Base; path = Base.lproj/LaunchScreen.storyboard; sourceTree = "<group>"; };
		4EC9D2ED1F3FC8CD00A15D61 /* Info.plist */ = {isa = PBXFileReference; lastKnownFileType = text.plist.xml; path = Info.plist; sourceTree = "<group>"; };
		4EC9D2F21F3FC8CD00A15D61 /* testeTests.xctest */ = {isa = PBXFileReference; explicitFileType = wrapper.cfbundle; includeInIndex = 0; path = testeTests.xctest; sourceTree = BUILT_PRODUCTS_DIR; };
		4EC9D2F61F3FC8CD00A15D61 /* testeTests.swift */ = {isa = PBXFileReference; lastKnownFileType = sourcecode.swift; path = testeTests.swift; sourceTree = "<group>"; };
		4EC9D2F81F3FC8CD00A15D61 /* Info.plist */ = {isa = PBXFileReference; lastKnownFileType = text.plist.xml; path = Info.plist; sourceTree = "<group>"; };
		4EC9D2FD1F3FC8CD00A15D61 /* testeUITests.xctest */ = {isa = PBXFileReference; explicitFileType = wrapper.cfbundle; includeInIndex = 0; path = testeUITests.xctest; sourceTree = BUILT_PRODUCTS_DIR; };
		4EC9D3011F3FC8CD00A15D61 /* testeUITests.swift */ = {isa = PBXFileReference; lastKnownFileType = sourcecode.swift; path = testeUITests.swift; sourceTree = "<group>"; };
		4EC9D3031F3FC8CD00A15D61 /* Info.plist */ = {isa = PBXFileReference; lastKnownFileType = text.plist.xml; path = Info.plist; sourceTree = "<group>"; };
/* End PBXFileReference section */

/* Begin PBXFrameworksBuildPhase section */
		4EC9D2D81F3FC8CC00A15D61 /* Frameworks */ = {
			isa = PBXFrameworksBuildPhase;
			buildActionMask = 2147483647;
			files = (
			);
			runOnlyForDeploymentPostprocessing = 0;
		};
		4EC9D2EF1F3FC8CD00A15D61 /* Frameworks */ = {
			isa = PBXFrameworksBuildPhase;
			buildActionMask = 2147483647;
			files = (
			);
			runOnlyForDeploymentPostprocessing = 0;
		};
		4EC9D2FA1F3FC8CD00A15D61 /* Frameworks */ = {
			isa = PBXFrameworksBuildPhase;
			buildActionMask = 2147483647;
			files = (
			);
			runOnlyForDeploymentPostprocessing = 0;
		};
/* End PBXFrameworksBuildPhase section */

/* Begin PBXGroup section */
		4EC9D2D21F3FC8CC00A15D61 = {
			isa = PBXGroup;
			children = (
				4EC9D2DD1F3FC8CC00A15D61 /* teste */,
				4EC9D2F51F3FC8CD00A15D61 /* testeTests */,
				4EC9D3001F3FC8CD00A15D61 /* testeUITests */,
				4EC9D2DC1F3FC8CC00A15D61 /* Products */,
			);
			sourceTree = "<group>";
		};
		4EC9D2DC1F3FC8CC00A15D61 /* Products */ = {
			isa = PBXGroup;
			children = (
				4EC9D2DB1F3FC8CC00A15D61 /* teste.app */,
				4EC9D2F21F3FC8CD00A15D61 /* testeTests.xctest */,
				4EC9D2FD1F3FC8CD00A15D61 /* testeUITests.xctest */,
			);
			name = Products;
			sourceTree = "<group>";
		};
		4EC9D2DD1F3FC8CC00A15D61 /* teste */ = {
			isa = PBXGroup;
			children = (
				4EC9D2DE1F3FC8CC00A15D61 /* AppDelegate.swift */,
				4EC9D2E01F3FC8CC00A15D61 /* ViewController.swift */,
				4EC9D2E21F3FC8CC00A15D61 /* Main.storyboard */,
				4EC9D2E81F3FC8CC00A15D61 /* Assets.xcassets */,
				4EC9D2EA1F3FC8CD00A15D61 /* LaunchScreen.storyboard */,
				4EC9D2ED1F3FC8CD00A15D61 /* Info.plist */,
				4EC9D2E51F3FC8CC00A15D61 /* teste.xcdatamodeld */,
			);
			path = teste;
			sourceTree = "<group>";
		};
		4EC9D2F51F3FC8CD00A15D61 /* testeTests */ = {
			isa = PBXGroup;
			children = (
				4EC9D2F61F3FC8CD00A15D61 /* testeTests.swift */,
				4EC9D2F81F3FC8CD00A15D61 /* Info.plist */,
			);
			path = testeTests;
			sourceTree = "<group>";
		};
		4EC9D3001F3FC8CD00A15D61 /* testeUITests */ = {
			isa = PBXGroup;
			children = (
				4EC9D3011F3FC8CD00A15D61 /* testeUITests.swift */,
				4EC9D3031F3FC8CD00A15D61 /* Info.plist */,
			);
			path = testeUITests;
			sourceTree = "<group>";
		};
/* End PBXGroup section */

/* Begin PBXNativeTarget section */
		4EC9D2DA1F3FC8CC00A15D61 /* teste */ = {
			isa = PBXNativeTarget;
			buildConfigurationList = 4EC9D3061F3FC8CD00A15D61 /* Build configuration list for PBXNativeTarget "teste" */;
			buildPhases = (
				4EC9D2D71F3FC8CC00A15D61 /* Sources */,
				4EC9D2D81F3FC8CC00A15D61 /* Frameworks */,
				4EC9D2D91F3FC8CC00A15D61 /* Resources */,
			);
			buildRules = (
			);
			dependencies = (
			);
			name = teste;
			productName = teste;
			productReference = 4EC9D2DB1F3FC8CC00A15D61 /* teste.app */;
			productType = "com.apple.product-type.application";
		};
		4EC9D2F11F3FC8CD00A15D61 /* testeTests */ = {
			isa = PBXNativeTarget;
			buildConfigurationList = 4EC9D3091F3FC8CD00A15D61 /* Build configuration list for PBXNativeTarget "testeTests" */;
			buildPhases = (
				4EC9D2EE1F3FC8CD00A15D61 /* Sources */,
				4EC9D2EF1F3FC8CD00A15D61 /* Frameworks */,
				4EC9D2F01F3FC8CD00A15D61 /* Resources */,
			);
			buildRules = (
			);
			dependencies = (
				4EC9D2F41F3FC8CD00A15D61 /* PBXTargetDependency */,
			);
			name = testeTests;
			productName = testeTests;
			productReference = 4EC9D2F21F3FC8CD00A15D61 /* testeTests.xctest */;
			productType = "com.apple.product-type.bundle.unit-test";
		};
		4EC9D2FC1F3FC8CD00A15D61 /* testeUITests */ = {
			isa = PBXNativeTarget;
			buildConfigurationList = 4EC9D30C1F3FC8CD00A15D61 /* Build configuration list for PBXNativeTarget "testeUITests" */;
			buildPhases = (
				4EC9D2F91F3FC8CD00A15D61 /* Sources */,
				4EC9D2FA1F3FC8CD00A15D61 /* Frameworks */,
				4EC9D2FB1F3FC8CD00A15D61 /* Resources */,
			);
			buildRules = (
			);
			dependencies = (
				4EC9D2FF1F3FC8CD00A15D61 /* PBXTargetDependency */,
			);
			name = testeUITests;
			productName = testeUITests;
			productReference = 4EC9D2FD1F3FC8CD00A15D61 /* testeUITests.xctest */;
			productType = "com.apple.product-type.bundle.ui-testing";
		};
/* End PBXNativeTarget section */

/* Begin PBXProject section */
		4EC9D2D31F3FC8CC00A15D61 /* Project object */ = {
			isa = PBXProject;
			attributes = {
				LastSwiftUpdateCheck = 0830;
				LastUpgradeCheck = 0830;
				ORGANIZATIONNAME = "Joana Bittencourt";
				TargetAttributes = {
					4EC9D2DA1F3FC8CC00A15D61 = {
						CreatedOnToolsVersion = 8.3.3;
						DevelopmentTeam = 2VUKR9KTHP;
						ProvisioningStyle = Automatic;
					};
					4EC9D2F11F3FC8CD00A15D61 = {
						CreatedOnToolsVersion = 8.3.3;
						DevelopmentTeam = 2VUKR9KTHP;
						ProvisioningStyle = Automatic;
						TestTargetID = 4EC9D2DA1F3FC8CC00A15D61;
					};
					4EC9D2FC1F3FC8CD00A15D61 = {
						CreatedOnToolsVersion = 8.3.3;
						DevelopmentTeam = 2VUKR9KTHP;
						ProvisioningStyle = Automatic;
						TestTargetID = 4EC9D2DA1F3FC8CC00A15D61;
					};
				};
			};
			buildConfigurationList = 4EC9D2D61F3FC8CC00A15D61 /* Build configuration list for PBXProject "teste" */;
			compatibilityVersion = "Xcode 3.2";
			developmentRegion = English;
			hasScannedForEncodings = 0;
			knownRegions = (
				en,
				Base,
			);
			mainGroup = 4EC9D2D21F3FC8CC00A15D61;
			productRefGroup = 4EC9D2DC1F3FC8CC00A15D61 /* Products */;
			projectDirPath = "";
			projectRoot = "";
			targets = (
				4EC9D2DA1F3FC8CC00A15D61 /* teste */,
				4EC9D2F11F3FC8CD00A15D61 /* testeTests */,
				4EC9D2FC1F3FC8CD00A15D61 /* testeUITests */,
			);
		};
/* End PBXProject section */

/* Begin PBXResourcesBuildPhase section */
		4EC9D2D91F3FC8CC00A15D61 /* Resources */ = {
			isa = PBXResourcesBuildPhase;
			buildActionMask = 2147483647;
			files = (
				4EC9D2EC1F3FC8CD00A15D61 /* LaunchScreen.storyboard in Resources */,
				4EC9D2E91F3FC8CC00A15D61 /* Assets.xcassets in Resources */,
				4EC9D2E41F3FC8CC00A15D61 /* Main.storyboard in Resources */,
			);
			runOnlyForDeploymentPostprocessing = 0;
		};
		4EC9D2F01F3FC8CD00A15D61 /* Resources */ = {
			isa = PBXResourcesBuildPhase;
			buildActionMask = 2147483647;
			files = (
			);
			runOnlyForDeploymentPostprocessing = 0;
		};
		4EC9D2FB1F3FC8CD00A15D61 /* Resources */ = {
			isa = PBXResourcesBuildPhase;
			buildActionMask = 2147483647;
			files = (
			);
			runOnlyForDeploymentPostprocessing = 0;
		};
/* End PBXResourcesBuildPhase section */

/* Begin PBXSourcesBuildPhase section */
		4EC9D2D71F3FC8CC00A15D61 /* Sources */ = {
			isa = PBXSourcesBuildPhase;
			buildActionMask = 2147483647;
			files = (
				4EC9D2E11F3FC8CC00A15D61 /* ViewController.swift in Sources */,
				4EC9D2E71F3FC8CC00A15D61 /* teste.xcdatamodeld in Sources */,
				4EC9D2DF1F3FC8CC00A15D61 /* AppDelegate.swift in Sources */,
			);
			runOnlyForDeploymentPostprocessing = 0;
		};
		4EC9D2EE1F3FC8CD00A15D61 /* Sources */ = {
			isa = PBXSourcesBuildPhase;
			buildActionMask = 2147483647;
			files = (
				4EC9D2F71F3FC8CD00A15D61 /* testeTests.swift in Sources */,
			);
			runOnlyForDeploymentPostprocessing = 0;
		};
		4EC9D2F91F3FC8CD00A15D61 /* Sources */ = {
			isa = PBXSourcesBuildPhase;
			buildActionMask = 2147483647;
			files = (
				4EC9D3021F3FC8CD00A15D61 /* testeUITests.swift in Sources */,
			);
			runOnlyForDeploymentPostprocessing = 0;
		};
/* End PBXSourcesBuildPhase section */

/* Begin PBXTargetDependency section */
		4EC9D2F41F3FC8CD00A15D61 /* PBXTargetDependency */ = {
			isa = PBXTargetDependency;
			target = 4EC9D2DA1F3FC8CC00A15D61 /* teste */;
			targetProxy = 4EC9D2F31F3FC8CD00A15D61 /* PBXContainerItemProxy */;
		};
		4EC9D2FF1F3FC8CD00A15D61 /* PBXTargetDependency */ = {
			isa = PBXTargetDependency;
			target = 4EC9D2DA1F3FC8CC00A15D61 /* teste */;
			targetProxy = 4EC9D2FE1F3FC8CD00A15D61 /* PBXContainerItemProxy */;
		};
/* End PBXTargetDependency section */

/* Begin PBXVariantGroup section */
		4EC9D2E21F3FC8CC00A15D61 /* Main.storyboard */ = {
			isa = PBXVariantGroup;
			children = (
				4EC9D2E31F3FC8CC00A15D61 /* Base */,
			);
			name = Main.storyboard;
			sourceTree = "<group>";
		};
		4EC9D2EA1F3FC8CD00A15D61 /* LaunchScreen.storyboard */ = {
			isa = PBXVariantGroup;
			children = (
				4EC9D2EB1F3FC8CD00A15D61 /* Base */,
			);
			name = LaunchScreen.storyboard;
			sourceTree = "<group>";
		};
/* End PBXVariantGroup section */

/* Begin XCBuildConfiguration section */
		4EC9D3041F3FC8CD00A15D61 /* Debug */ = {
			isa = XCBuildConfiguration;
			buildSettings = {
				ALWAYS_SEARCH_USER_PATHS = NO;
				CLANG_ANALYZER_NONNULL = YES;
				CLANG_ANALYZER_NUMBER_OBJECT_CONVERSION = YES_AGGRESSIVE;
				CLANG_CXX_LANGUAGE_STANDARD = "gnu++0x";
				CLANG_CXX_LIBRARY = "libc++";
				CLANG_ENABLE_MODULES = YES;
				CLANG_ENABLE_OBJC_ARC = YES;
				CLANG_WARN_BOOL_CONVERSION = YES;
				CLANG_WARN_CONSTANT_CONVERSION = YES;
				CLANG_WARN_DIRECT_OBJC_ISA_USAGE = YES_ERROR;
				CLANG_WARN_DOCUMENTATION_COMMENTS = YES;
				CLANG_WARN_EMPTY_BODY = YES;
				CLANG_WARN_ENUM_CONVERSION = YES;
				CLANG_WARN_INFINITE_RECURSION = YES;
				CLANG_WARN_INT_CONVERSION = YES;
				CLANG_WARN_OBJC_ROOT_CLASS = YES_ERROR;
				CLANG_WARN_SUSPICIOUS_MOVE = YES;
				CLANG_WARN_UNREACHABLE_CODE = YES;
				CLANG_WARN__DUPLICATE_METHOD_MATCH = YES;
				"CODE_SIGN_IDENTITY[sdk=iphoneos*]" = "iPhone Developer";
				COPY_PHASE_STRIP = NO;
				DEBUG_INFORMATION_FORMAT = dwarf;
				ENABLE_STRICT_OBJC_MSGSEND = YES;
				ENABLE_TESTABILITY = YES;
				GCC_C_LANGUAGE_STANDARD = gnu99;
				GCC_DYNAMIC_NO_PIC = NO;
				GCC_NO_COMMON_BLOCKS = YES;
				GCC_OPTIMIZATION_LEVEL = 0;
				GCC_PREPROCESSOR_DEFINITIONS = (
					"DEBUG=1",
					"$(inherited)",
				);
				GCC_WARN_64_TO_32_BIT_CONVERSION = YES;
				GCC_WARN_ABOUT_RETURN_TYPE = YES_ERROR;
				GCC_WARN_UNDECLARED_SELECTOR = YES;
				GCC_WARN_UNINITIALIZED_AUTOS = YES_AGGRESSIVE;
				GCC_WARN_UNUSED_FUNCTION = YES;
				GCC_WARN_UNUSED_VARIABLE = YES;
				IPHONEOS_DEPLOYMENT_TARGET = 10.3;
				MTL_ENABLE_DEBUG_INFO = YES;
				ONLY_ACTIVE_ARCH = YES;
				SDKROOT = iphoneos;
				SWIFT_ACTIVE_COMPILATION_CONDITIONS = DEBUG;
				SWIFT_OPTIMIZATION_LEVEL = "-Onone";
				TARGETED_DEVICE_FAMILY = "1,2";
			};
			name = Debug;
		};
		4EC9D3051F3FC8CD00A15D61 /* Release */ = {
			isa = XCBuildConfiguration;
			buildSettings = {
				ALWAYS_SEARCH_USER_PATHS = NO;
				CLANG_ANALYZER_NONNULL = YES;
				CLANG_ANALYZER_NUMBER_OBJECT_CONVERSION = YES_AGGRESSIVE;
				CLANG_CXX_LANGUAGE_STANDARD = "gnu++0x";
				CLANG_CXX_LIBRARY = "libc++";
				CLANG_ENABLE_MODULES = YES;
				CLANG_ENABLE_OBJC_ARC = YES;
				CLANG_WARN_BOOL_CONVERSION = YES;
				CLANG_WARN_CONSTANT_CONVERSION = YES;
				CLANG_WARN_DIRECT_OBJC_ISA_USAGE = YES_ERROR;
				CLANG_WARN_DOCUMENTATION_COMMENTS = YES;
				CLANG_WARN_EMPTY_BODY = YES;
				CLANG_WARN_ENUM_CONVERSION = YES;
				CLANG_WARN_INFINITE_RECURSION = YES;
				CLANG_WARN_INT_CONVERSION = YES;
				CLANG_WARN_OBJC_ROOT_CLASS = YES_ERROR;
				CLANG_WARN_SUSPICIOUS_MOVE = YES;
				CLANG_WARN_UNREACHABLE_CODE = YES;
				CLANG_WARN__DUPLICATE_METHOD_MATCH = YES;
				"CODE_SIGN_IDENTITY[sdk=iphoneos*]" = "iPhone Developer";
				COPY_PHASE_STRIP = NO;
				DEBUG_INFORMATION_FORMAT = "dwarf-with-dsym";
				ENABLE_NS_ASSERTIONS = NO;
				ENABLE_STRICT_OBJC_MSGSEND = YES;
				GCC_C_LANGUAGE_STANDARD = gnu99;
				GCC_NO_COMMON_BLOCKS = YES;
				GCC_WARN_64_TO_32_BIT_CONVERSION = YES;
				GCC_WARN_ABOUT_RETURN_TYPE = YES_ERROR;
				GCC_WARN_UNDECLARED_SELECTOR = YES;
				GCC_WARN_UNINITIALIZED_AUTOS = YES_AGGRESSIVE;
				GCC_WARN_UNUSED_FUNCTION = YES;
				GCC_WARN_UNUSED_VARIABLE = YES;
				IPHONEOS_DEPLOYMENT_TARGET = 10.3;
				MTL_ENABLE_DEBUG_INFO = NO;
				SDKROOT = iphoneos;
				SWIFT_OPTIMIZATION_LEVEL = "-Owholemodule";
				TARGETED_DEVICE_FAMILY = "1,2";
				VALIDATE_PRODUCT = YES;
			};
			name = Release;
		};
		4EC9D3071F3FC8CD00A15D61 /* Debug */ = {
			isa = XCBuildConfiguration;
			buildSettings = {
				ASSETCATALOG_COMPILER_APPICON_NAME = AppIcon;
				DEVELOPMENT_TEAM = 2VUKR9KTHP;
				INFOPLIST_FILE = teste/Info.plist;
				LD_RUNPATH_SEARCH_PATHS = "$(inherited) @executable_path/Frameworks";
				PRODUCT_BUNDLE_IDENTIFIER = ca.jmappsmobilesolutions.teste;
				PRODUCT_NAME = "$(TARGET_NAME)";
				SWIFT_VERSION = 3.0;
			};
			name = Debug;
		};
		4EC9D3081F3FC8CD00A15D61 /* Release */ = {
			isa = XCBuildConfiguration;
			buildSettings = {
				ASSETCATALOG_COMPILER_APPICON_NAME = AppIcon;
				DEVELOPMENT_TEAM = 2VUKR9KTHP;
				INFOPLIST_FILE = teste/Info.plist;
				LD_RUNPATH_SEARCH_PATHS = "$(inherited) @executable_path/Frameworks";
				PRODUCT_BUNDLE_IDENTIFIER = ca.jmappsmobilesolutions.teste;
				PRODUCT_NAME = "$(TARGET_NAME)";
				SWIFT_VERSION = 3.0;
			};
			name = Release;
		};
		4EC9D30A1F3FC8CD00A15D61 /* Debug */ = {
			isa = XCBuildConfiguration;
			buildSettings = {
				ALWAYS_EMBED_SWIFT_STANDARD_LIBRARIES = YES;
				BUNDLE_LOADER = "$(TEST_HOST)";
				DEVELOPMENT_TEAM = 2VUKR9KTHP;
				INFOPLIST_FILE = testeTests/Info.plist;
				LD_RUNPATH_SEARCH_PATHS = "$(inherited) @executable_path/Frameworks @loader_path/Frameworks";
				PRODUCT_BUNDLE_IDENTIFIER = ca.jmappsmobilesolutions.testeTests;
				PRODUCT_NAME = "$(TARGET_NAME)";
				SWIFT_VERSION = 3.0;
				TEST_HOST = "$(BUILT_PRODUCTS_DIR)/teste.app/teste";
			};
			name = Debug;
		};
		4EC9D30B1F3FC8CD00A15D61 /* Release */ = {
			isa = XCBuildConfiguration;
			buildSettings = {
				ALWAYS_EMBED_SWIFT_STANDARD_LIBRARIES = YES;
				BUNDLE_LOADER = "$(TEST_HOST)";
				DEVELOPMENT_TEAM = 2VUKR9KTHP;
				INFOPLIST_FILE = testeTests/Info.plist;
				LD_RUNPATH_SEARCH_PATHS = "$(inherited) @executable_path/Frameworks @loader_path/Frameworks";
				PRODUCT_BUNDLE_IDENTIFIER = ca.jmappsmobilesolutions.testeTests;
				PRODUCT_NAME = "$(TARGET_NAME)";
				SWIFT_VERSION = 3.0;
				TEST_HOST = "$(BUILT_PRODUCTS_DIR)/teste.app/teste";
			};
			name = Release;
		};
		4EC9D30D1F3FC8CD00A15D61 /* Debug */ = {
			isa = XCBuildConfiguration;
			buildSettings = {
				ALWAYS_EMBED_SWIFT_STANDARD_LIBRARIES = YES;
				DEVELOPMENT_TEAM = 2VUKR9KTHP;
				INFOPLIST_FILE = testeUITests/Info.plist;
				LD_RUNPATH_SEARCH_PATHS = "$(inherited) @executable_path/Frameworks @loader_path/Frameworks";
				PRODUCT_BUNDLE_IDENTIFIER = ca.jmappsmobilesolutions.testeUITests;
				PRODUCT_NAME = "$(TARGET_NAME)";
				SWIFT_VERSION = 3.0;
				TEST_TARGET_NAME = teste;
			};
			name = Debug;
		};
		4EC9D30E1F3FC8CD00A15D61 /* Release */ = {
			isa = XCBuildConfiguration;
			buildSettings = {
				ALWAYS_EMBED_SWIFT_STANDARD_LIBRARIES = YES;
				DEVELOPMENT_TEAM = 2VUKR9KTHP;
				INFOPLIST_FILE = testeUITests/Info.plist;
				LD_RUNPATH_SEARCH_PATHS = "$(inherited) @executable_path/Frameworks @loader_path/Frameworks";
				PRODUCT_BUNDLE_IDENTIFIER = ca.jmappsmobilesolutions.testeUITests;
				PRODUCT_NAME = "$(TARGET_NAME)";
				SWIFT_VERSION = 3.0;
				TEST_TARGET_NAME = teste;
			};
			name = Release;
		};
/* End XCBuildConfiguration section */

/* Begin XCConfigurationList section */
		4EC9D2D61F3FC8CC00A15D61 /* Build configuration list for PBXProject "teste" */ = {
			isa = XCConfigurationList;
			buildConfigurations = (
				4EC9D3041F3FC8CD00A15D61 /* Debug */,
				4EC9D3051F3FC8CD00A15D61 /* Release */,
			);
			defaultConfigurationIsVisible = 0;
			defaultConfigurationName = Release;
		};
		4EC9D3061F3FC8CD00A15D61 /* Build configuration list for PBXNativeTarget "teste" */ = {
			isa = XCConfigurationList;
			buildConfigurations = (
				4EC9D3071F3FC8CD00A15D61 /* Debug */,
				4EC9D3081F3FC8CD00A15D61 /* Release */,
			);
			defaultConfigurationIsVisible = 0;
		};
		4EC9D3091F3FC8CD00A15D61 /* Build configuration list for PBXNativeTarget "testeTests" */ = {
			isa = XCConfigurationList;
			buildConfigurations = (
				4EC9D30A1F3FC8CD00A15D61 /* Debug */,
				4EC9D30B1F3FC8CD00A15D61 /* Release */,
			);
			defaultConfigurationIsVisible = 0;
		};
		4EC9D30C1F3FC8CD00A15D61 /* Build configuration list for PBXNativeTarget "testeUITests" */ = {
			isa = XCConfigurationList;
			buildConfigurations = (
				4EC9D30D1F3FC8CD00A15D61 /* Debug */,
				4EC9D30E1F3FC8CD00A15D61 /* Release */,
			);
			defaultConfigurationIsVisible = 0;
		};
/* End XCConfigurationList section */

/* Begin XCVersionGroup section */
		4EC9D2E51F3FC8CC00A15D61 /* teste.xcdatamodeld */ = {
			isa = XCVersionGroup;
			children = (
				4EC9D2E61F3FC8CC00A15D61 /* teste.xcdatamodel */,
			);
			currentVersion = 4EC9D2E61F3FC8CC00A15D61 /* teste.xcdatamodel */;
			path = teste.xcdatamodeld;
			sourceTree = "<group>";
			versionGroupType = wrapper.xcdatamodel;
		};
/* End XCVersionGroup section */
	};
	rootObject = 4EC9D2D31F3FC8CC00A15D61 /* Project object */;
}
